// !$*UTF8*$!
{
	archiveVersion = 1;
	classes = {
	};
	objectVersion = 55;
	objects = {

/* Begin PBXBuildFile section */
		63073D9D28550ACA0063E85A /* FirebaseAuth in Frameworks */ = {isa = PBXBuildFile; productRef = 63073D9C28550ACA0063E85A /* FirebaseAuth */; };
		63073D9F28550ACA0063E85A /* FirebaseDatabase in Frameworks */ = {isa = PBXBuildFile; productRef = 63073D9E28550ACA0063E85A /* FirebaseDatabase */; };
		63073DA128550ACA0063E85A /* FirebaseDatabaseSwift in Frameworks */ = {isa = PBXBuildFile; productRef = 63073DA028550ACA0063E85A /* FirebaseDatabaseSwift */; };
		63073DA328550ACA0063E85A /* FirebaseFirestore in Frameworks */ = {isa = PBXBuildFile; productRef = 63073DA228550ACA0063E85A /* FirebaseFirestore */; };
		63BA6B022855BFCD00456425 /* ContentView.swift in Sources */ = {isa = PBXBuildFile; fileRef = 63BA6B012855BFCD00456425 /* ContentView.swift */; };
		63C7B4A32854EC01003EF2B4 /* MobilliumInternCaseApp.swift in Sources */ = {isa = PBXBuildFile; fileRef = 63C7B4A22854EC01003EF2B4 /* MobilliumInternCaseApp.swift */; };
		63C7B4A72854EC01003EF2B4 /* Assets.xcassets in Resources */ = {isa = PBXBuildFile; fileRef = 63C7B4A62854EC01003EF2B4 /* Assets.xcassets */; };
		63C7B4AA2854EC01003EF2B4 /* Preview Assets.xcassets in Resources */ = {isa = PBXBuildFile; fileRef = 63C7B4A92854EC01003EF2B4 /* Preview Assets.xcassets */; };
		63C7B4B22854EF10003EF2B4 /* RegisterViewController.swift in Sources */ = {isa = PBXBuildFile; fileRef = 63C7B4B12854EF10003EF2B4 /* RegisterViewController.swift */; };
		63C7B4B52854EF34003EF2B4 /* LoginViewController.swift in Sources */ = {isa = PBXBuildFile; fileRef = 63C7B4B42854EF34003EF2B4 /* LoginViewController.swift */; };
		63C7B4B82854EF54003EF2B4 /* MovieListViewController.swift in Sources */ = {isa = PBXBuildFile; fileRef = 63C7B4B72854EF53003EF2B4 /* MovieListViewController.swift */; };
		63C7B4BB2854F920003EF2B4 /* FirebaseAuth in Frameworks */ = {isa = PBXBuildFile; productRef = 63C7B4BA2854F920003EF2B4 /* FirebaseAuth */; };
		63C7B4BD2854F920003EF2B4 /* FirebaseDatabase in Frameworks */ = {isa = PBXBuildFile; productRef = 63C7B4BC2854F920003EF2B4 /* FirebaseDatabase */; };
		63C7B4BF2854F920003EF2B4 /* FirebaseFirestore in Frameworks */ = {isa = PBXBuildFile; productRef = 63C7B4BE2854F920003EF2B4 /* FirebaseFirestore */; };
		63C7B4C12854F920003EF2B4 /* FirebaseFunctions in Frameworks */ = {isa = PBXBuildFile; productRef = 63C7B4C02854F920003EF2B4 /* FirebaseFunctions */; };
		63C7B4C5285509DE003EF2B4 /* GoogleService-Info.plist in Resources */ = {isa = PBXBuildFile; fileRef = 63C7B4C4285509DE003EF2B4 /* GoogleService-Info.plist */; };
/* End PBXBuildFile section */

/* Begin PBXFileReference section */
		63BA6B012855BFCD00456425 /* ContentView.swift */ = {isa = PBXFileReference; lastKnownFileType = sourcecode.swift; path = ContentView.swift; sourceTree = "<group>"; };
		63C7B49F2854EC01003EF2B4 /* MobilliumInternCase.app */ = {isa = PBXFileReference; explicitFileType = wrapper.application; includeInIndex = 0; path = MobilliumInternCase.app; sourceTree = BUILT_PRODUCTS_DIR; };
		63C7B4A22854EC01003EF2B4 /* MobilliumInternCaseApp.swift */ = {isa = PBXFileReference; lastKnownFileType = sourcecode.swift; path = MobilliumInternCaseApp.swift; sourceTree = "<group>"; };
		63C7B4A62854EC01003EF2B4 /* Assets.xcassets */ = {isa = PBXFileReference; lastKnownFileType = folder.assetcatalog; path = Assets.xcassets; sourceTree = "<group>"; };
		63C7B4A92854EC01003EF2B4 /* Preview Assets.xcassets */ = {isa = PBXFileReference; lastKnownFileType = folder.assetcatalog; path = "Preview Assets.xcassets"; sourceTree = "<group>"; };
		63C7B4B12854EF10003EF2B4 /* RegisterViewController.swift */ = {isa = PBXFileReference; lastKnownFileType = sourcecode.swift; path = RegisterViewController.swift; sourceTree = "<group>"; };
		63C7B4B42854EF34003EF2B4 /* LoginViewController.swift */ = {isa = PBXFileReference; lastKnownFileType = sourcecode.swift; path = LoginViewController.swift; sourceTree = "<group>"; };
		63C7B4B72854EF53003EF2B4 /* MovieListViewController.swift */ = {isa = PBXFileReference; lastKnownFileType = sourcecode.swift; path = MovieListViewController.swift; sourceTree = "<group>"; };
		63C7B4C4285509DE003EF2B4 /* GoogleService-Info.plist */ = {isa = PBXFileReference; fileEncoding = 4; lastKnownFileType = text.plist.xml; path = "GoogleService-Info.plist"; sourceTree = "<group>"; };
/* End PBXFileReference section */

/* Begin PBXFrameworksBuildPhase section */
		63C7B49C2854EC01003EF2B4 /* Frameworks */ = {
			isa = PBXFrameworksBuildPhase;
			buildActionMask = 2147483647;
			files = (
				63073DA128550ACA0063E85A /* FirebaseDatabaseSwift in Frameworks */,
				63073D9F28550ACA0063E85A /* FirebaseDatabase in Frameworks */,
				63C7B4BD2854F920003EF2B4 /* FirebaseDatabase in Frameworks */,
				63073D9D28550ACA0063E85A /* FirebaseAuth in Frameworks */,
				63C7B4BB2854F920003EF2B4 /* FirebaseAuth in Frameworks */,
				63073DA328550ACA0063E85A /* FirebaseFirestore in Frameworks */,
				63C7B4BF2854F920003EF2B4 /* FirebaseFirestore in Frameworks */,
				63C7B4C12854F920003EF2B4 /* FirebaseFunctions in Frameworks */,
			);
			runOnlyForDeploymentPostprocessing = 0;
		};
/* End PBXFrameworksBuildPhase section */

/* Begin PBXGroup section */
		63C7B4962854EC01003EF2B4 = {
			isa = PBXGroup;
			children = (
				63C7B4A12854EC01003EF2B4 /* MobilliumInternCase */,
				63C7B4A02854EC01003EF2B4 /* Products */,
			);
			sourceTree = "<group>";
		};
		63C7B4A02854EC01003EF2B4 /* Products */ = {
			isa = PBXGroup;
			children = (
				63C7B49F2854EC01003EF2B4 /* MobilliumInternCase.app */,
			);
			name = Products;
			sourceTree = "<group>";
		};
		63C7B4A12854EC01003EF2B4 /* MobilliumInternCase */ = {
			isa = PBXGroup;
			children = (
				63C7B4B32854EF19003EF2B4 /* Views */,
				63C7B4A22854EC01003EF2B4 /* MobilliumInternCaseApp.swift */,
				63C7B4A62854EC01003EF2B4 /* Assets.xcassets */,
				63C7B4C4285509DE003EF2B4 /* GoogleService-Info.plist */,
				63C7B4A82854EC01003EF2B4 /* Preview Content */,
				63BA6B012855BFCD00456425 /* ContentView.swift */,
			);
			path = MobilliumInternCase;
			sourceTree = "<group>";
		};
		63C7B4A82854EC01003EF2B4 /* Preview Content */ = {
			isa = PBXGroup;
			children = (
				63C7B4A92854EC01003EF2B4 /* Preview Assets.xcassets */,
			);
			path = "Preview Content";
			sourceTree = "<group>";
		};
		63C7B4B32854EF19003EF2B4 /* Views */ = {
			isa = PBXGroup;
			children = (
				63C7B4B12854EF10003EF2B4 /* RegisterViewController.swift */,
				63C7B4B42854EF34003EF2B4 /* LoginViewController.swift */,
				63C7B4B72854EF53003EF2B4 /* MovieListViewController.swift */,
			);
			path = Views;
			sourceTree = "<group>";
		};
/* End PBXGroup section */

/* Begin PBXNativeTarget section */
		63C7B49E2854EC01003EF2B4 /* MobilliumInternCase */ = {
			isa = PBXNativeTarget;
			buildConfigurationList = 63C7B4AD2854EC01003EF2B4 /* Build configuration list for PBXNativeTarget "MobilliumInternCase" */;
			buildPhases = (
				63C7B49B2854EC01003EF2B4 /* Sources */,
				63C7B49C2854EC01003EF2B4 /* Frameworks */,
				63C7B49D2854EC01003EF2B4 /* Resources */,
			);
			buildRules = (
			);
			dependencies = (
			);
			name = MobilliumInternCase;
			packageProductDependencies = (
				63C7B4BA2854F920003EF2B4 /* FirebaseAuth */,
				63C7B4BC2854F920003EF2B4 /* FirebaseDatabase */,
				63C7B4BE2854F920003EF2B4 /* FirebaseFirestore */,
				63C7B4C02854F920003EF2B4 /* FirebaseFunctions */,
				63073D9C28550ACA0063E85A /* FirebaseAuth */,
				63073D9E28550ACA0063E85A /* FirebaseDatabase */,
				63073DA028550ACA0063E85A /* FirebaseDatabaseSwift */,
				63073DA228550ACA0063E85A /* FirebaseFirestore */,
			);
			productName = MobilliumInternCase;
			productReference = 63C7B49F2854EC01003EF2B4 /* MobilliumInternCase.app */;
			productType = "com.apple.product-type.application";
		};
/* End PBXNativeTarget section */

/* Begin PBXProject section */
		63C7B4972854EC01003EF2B4 /* Project object */ = {
			isa = PBXProject;
			attributes = {
				BuildIndependentTargetsInParallel = 1;
				LastSwiftUpdateCheck = 1340;
				LastUpgradeCheck = 1340;
				TargetAttributes = {
					63C7B49E2854EC01003EF2B4 = {
						CreatedOnToolsVersion = 13.4.1;
					};
				};
			};
			buildConfigurationList = 63C7B49A2854EC01003EF2B4 /* Build configuration list for PBXProject "MobilliumInternCase" */;
			compatibilityVersion = "Xcode 13.0";
			developmentRegion = en;
			hasScannedForEncodings = 0;
			knownRegions = (
				en,
				Base,
			);
			mainGroup = 63C7B4962854EC01003EF2B4;
			packageReferences = (
				63C7B4B92854F920003EF2B4 /* XCRemoteSwiftPackageReference "firebase-ios-sdk" */,
				63073D9B28550ACA0063E85A /* XCRemoteSwiftPackageReference "firebase-ios-sdk" */,
				63BA6B032855C93300456425 /* XCRemoteSwiftPackageReference "PythonCourse" */,
			);
			productRefGroup = 63C7B4A02854EC01003EF2B4 /* Products */;
			projectDirPath = "";
			projectRoot = "";
			targets = (
				63C7B49E2854EC01003EF2B4 /* MobilliumInternCase */,
			);
		};
/* End PBXProject section */

/* Begin PBXResourcesBuildPhase section */
		63C7B49D2854EC01003EF2B4 /* Resources */ = {
			isa = PBXResourcesBuildPhase;
			buildActionMask = 2147483647;
			files = (
				63C7B4AA2854EC01003EF2B4 /* Preview Assets.xcassets in Resources */,
				63C7B4A72854EC01003EF2B4 /* Assets.xcassets in Resources */,
				63C7B4C5285509DE003EF2B4 /* GoogleService-Info.plist in Resources */,
			);
			runOnlyForDeploymentPostprocessing = 0;
		};
/* End PBXResourcesBuildPhase section */

/* Begin PBXSourcesBuildPhase section */
		63C7B49B2854EC01003EF2B4 /* Sources */ = {
			isa = PBXSourcesBuildPhase;
			buildActionMask = 2147483647;
			files = (
				63C7B4B52854EF34003EF2B4 /* LoginViewController.swift in Sources */,
				63BA6B022855BFCD00456425 /* ContentView.swift in Sources */,
				63C7B4B82854EF54003EF2B4 /* MovieListViewController.swift in Sources */,
				63C7B4B22854EF10003EF2B4 /* RegisterViewController.swift in Sources */,
				63C7B4A32854EC01003EF2B4 /* MobilliumInternCaseApp.swift in Sources */,
			);
			runOnlyForDeploymentPostprocessing = 0;
		};
/* End PBXSourcesBuildPhase section */

/* Begin XCBuildConfiguration section */
		63C7B4AB2854EC01003EF2B4 /* Debug */ = {
			isa = XCBuildConfiguration;
			buildSettings = {
				ALWAYS_SEARCH_USER_PATHS = NO;
				CLANG_ANALYZER_NONNULL = YES;
				CLANG_ANALYZER_NUMBER_OBJECT_CONVERSION = YES_AGGRESSIVE;
				CLANG_CXX_LANGUAGE_STANDARD = "gnu++17";
				CLANG_ENABLE_MODULES = YES;
				CLANG_ENABLE_OBJC_ARC = YES;
				CLANG_ENABLE_OBJC_WEAK = YES;
				CLANG_WARN_BLOCK_CAPTURE_AUTORELEASING = YES;
				CLANG_WARN_BOOL_CONVERSION = YES;
				CLANG_WARN_COMMA = YES;
				CLANG_WARN_CONSTANT_CONVERSION = YES;
				CLANG_WARN_DEPRECATED_OBJC_IMPLEMENTATIONS = YES;
				CLANG_WARN_DIRECT_OBJC_ISA_USAGE = YES_ERROR;
				CLANG_WARN_DOCUMENTATION_COMMENTS = YES;
				CLANG_WARN_EMPTY_BODY = YES;
				CLANG_WARN_ENUM_CONVERSION = YES;
				CLANG_WARN_INFINITE_RECURSION = YES;
				CLANG_WARN_INT_CONVERSION = YES;
				CLANG_WARN_NON_LITERAL_NULL_CONVERSION = YES;
				CLANG_WARN_OBJC_IMPLICIT_RETAIN_SELF = YES;
				CLANG_WARN_OBJC_LITERAL_CONVERSION = YES;
				CLANG_WARN_OBJC_ROOT_CLASS = YES_ERROR;
				CLANG_WARN_QUOTED_INCLUDE_IN_FRAMEWORK_HEADER = YES;
				CLANG_WARN_RANGE_LOOP_ANALYSIS = YES;
				CLANG_WARN_STRICT_PROTOTYPES = YES;
				CLANG_WARN_SUSPICIOUS_MOVE = YES;
				CLANG_WARN_UNGUARDED_AVAILABILITY = YES_AGGRESSIVE;
				CLANG_WARN_UNREACHABLE_CODE = YES;
				CLANG_WARN__DUPLICATE_METHOD_MATCH = YES;
				COPY_PHASE_STRIP = NO;
				DEBUG_INFORMATION_FORMAT = dwarf;
				ENABLE_STRICT_OBJC_MSGSEND = YES;
				ENABLE_TESTABILITY = YES;
				GCC_C_LANGUAGE_STANDARD = gnu11;
				GCC_DYNAMIC_NO_PIC = NO;
				GCC_NO_COMMON_BLOCKS = YES;
				GCC_OPTIMIZATION_LEVEL = 0;
				GCC_PREPROCESSOR_DEFINITIONS = (
					"DEBUG=1",
					"$(inherited)",
				);
				GCC_WARN_64_TO_32_BIT_CONVERSION = YES;
				GCC_WARN_ABOUT_RETURN_TYPE = YES_ERROR;
				GCC_WARN_UNDECLARED_SELECTOR = YES;
				GCC_WARN_UNINITIALIZED_AUTOS = YES_AGGRESSIVE;
				GCC_WARN_UNUSED_FUNCTION = YES;
				GCC_WARN_UNUSED_VARIABLE = YES;
				IPHONEOS_DEPLOYMENT_TARGET = 15.5;
				MTL_ENABLE_DEBUG_INFO = INCLUDE_SOURCE;
				MTL_FAST_MATH = YES;
				ONLY_ACTIVE_ARCH = YES;
				SDKROOT = iphoneos;
				SWIFT_ACTIVE_COMPILATION_CONDITIONS = DEBUG;
				SWIFT_OPTIMIZATION_LEVEL = "-Onone";
			};
			name = Debug;
		};
		63C7B4AC2854EC01003EF2B4 /* Release */ = {
			isa = XCBuildConfiguration;
			buildSettings = {
				ALWAYS_SEARCH_USER_PATHS = NO;
				CLANG_ANALYZER_NONNULL = YES;
				CLANG_ANALYZER_NUMBER_OBJECT_CONVERSION = YES_AGGRESSIVE;
				CLANG_CXX_LANGUAGE_STANDARD = "gnu++17";
				CLANG_ENABLE_MODULES = YES;
				CLANG_ENABLE_OBJC_ARC = YES;
				CLANG_ENABLE_OBJC_WEAK = YES;
				CLANG_WARN_BLOCK_CAPTURE_AUTORELEASING = YES;
				CLANG_WARN_BOOL_CONVERSION = YES;
				CLANG_WARN_COMMA = YES;
				CLANG_WARN_CONSTANT_CONVERSION = YES;
				CLANG_WARN_DEPRECATED_OBJC_IMPLEMENTATIONS = YES;
				CLANG_WARN_DIRECT_OBJC_ISA_USAGE = YES_ERROR;
				CLANG_WARN_DOCUMENTATION_COMMENTS = YES;
				CLANG_WARN_EMPTY_BODY = YES;
				CLANG_WARN_ENUM_CONVERSION = YES;
				CLANG_WARN_INFINITE_RECURSION = YES;
				CLANG_WARN_INT_CONVERSION = YES;
				CLANG_WARN_NON_LITERAL_NULL_CONVERSION = YES;
				CLANG_WARN_OBJC_IMPLICIT_RETAIN_SELF = YES;
				CLANG_WARN_OBJC_LITERAL_CONVERSION = YES;
				CLANG_WARN_OBJC_ROOT_CLASS = YES_ERROR;
				CLANG_WARN_QUOTED_INCLUDE_IN_FRAMEWORK_HEADER = YES;
				CLANG_WARN_RANGE_LOOP_ANALYSIS = YES;
				CLANG_WARN_STRICT_PROTOTYPES = YES;
				CLANG_WARN_SUSPICIOUS_MOVE = YES;
				CLANG_WARN_UNGUARDED_AVAILABILITY = YES_AGGRESSIVE;
				CLANG_WARN_UNREACHABLE_CODE = YES;
				CLANG_WARN__DUPLICATE_METHOD_MATCH = YES;
				COPY_PHASE_STRIP = NO;
				DEBUG_INFORMATION_FORMAT = "dwarf-with-dsym";
				ENABLE_NS_ASSERTIONS = NO;
				ENABLE_STRICT_OBJC_MSGSEND = YES;
				GCC_C_LANGUAGE_STANDARD = gnu11;
				GCC_NO_COMMON_BLOCKS = YES;
				GCC_WARN_64_TO_32_BIT_CONVERSION = YES;
				GCC_WARN_ABOUT_RETURN_TYPE = YES_ERROR;
				GCC_WARN_UNDECLARED_SELECTOR = YES;
				GCC_WARN_UNINITIALIZED_AUTOS = YES_AGGRESSIVE;
				GCC_WARN_UNUSED_FUNCTION = YES;
				GCC_WARN_UNUSED_VARIABLE = YES;
				IPHONEOS_DEPLOYMENT_TARGET = 15.5;
				MTL_ENABLE_DEBUG_INFO = NO;
				MTL_FAST_MATH = YES;
				SDKROOT = iphoneos;
				SWIFT_COMPILATION_MODE = wholemodule;
				SWIFT_OPTIMIZATION_LEVEL = "-O";
				VALIDATE_PRODUCT = YES;
			};
			name = Release;
		};
		63C7B4AE2854EC01003EF2B4 /* Debug */ = {
			isa = XCBuildConfiguration;
			buildSettings = {
				ASSETCATALOG_COMPILER_APPICON_NAME = AppIcon;
				ASSETCATALOG_COMPILER_GLOBAL_ACCENT_COLOR_NAME = AccentColor;
				CODE_SIGN_STYLE = Automatic;
				CURRENT_PROJECT_VERSION = 1;
				DEVELOPMENT_ASSET_PATHS = "\"MobilliumInternCase/Preview Content\"";
				DEVELOPMENT_TEAM = L275C5HPVC;
				ENABLE_PREVIEWS = YES;
				GENERATE_INFOPLIST_FILE = YES;
				INFOPLIST_KEY_UIApplicationSceneManifest_Generation = YES;
				INFOPLIST_KEY_UIApplicationSupportsIndirectInputEvents = YES;
				INFOPLIST_KEY_UILaunchScreen_Generation = YES;
				INFOPLIST_KEY_UISupportedInterfaceOrientations_iPad = "UIInterfaceOrientationPortrait UIInterfaceOrientationPortraitUpsideDown UIInterfaceOrientationLandscapeLeft UIInterfaceOrientationLandscapeRight";
				INFOPLIST_KEY_UISupportedInterfaceOrientations_iPhone = "UIInterfaceOrientationPortrait UIInterfaceOrientationLandscapeLeft UIInterfaceOrientationLandscapeRight";
				LD_RUNPATH_SEARCH_PATHS = (
					"$(inherited)",
					"@executable_path/Frameworks",
				);
				MARKETING_VERSION = 1.0;
				PRODUCT_BUNDLE_IDENTIFIER = wertr.com.MobilliumInternCase;
				PRODUCT_NAME = "$(TARGET_NAME)";
				SWIFT_EMIT_LOC_STRINGS = YES;
				SWIFT_VERSION = 5.0;
				TARGETED_DEVICE_FAMILY = "1,2";
			};
			name = Debug;
		};
		63C7B4AF2854EC01003EF2B4 /* Release */ = {
			isa = XCBuildConfiguration;
			buildSettings = {
				ASSETCATALOG_COMPILER_APPICON_NAME = AppIcon;
				ASSETCATALOG_COMPILER_GLOBAL_ACCENT_COLOR_NAME = AccentColor;
				CODE_SIGN_STYLE = Automatic;
				CURRENT_PROJECT_VERSION = 1;
				DEVELOPMENT_ASSET_PATHS = "\"MobilliumInternCase/Preview Content\"";
				DEVELOPMENT_TEAM = L275C5HPVC;
				ENABLE_PREVIEWS = YES;
				GENERATE_INFOPLIST_FILE = YES;
				INFOPLIST_KEY_UIApplicationSceneManifest_Generation = YES;
				INFOPLIST_KEY_UIApplicationSupportsIndirectInputEvents = YES;
				INFOPLIST_KEY_UILaunchScreen_Generation = YES;
				INFOPLIST_KEY_UISupportedInterfaceOrientations_iPad = "UIInterfaceOrientationPortrait UIInterfaceOrientationPortraitUpsideDown UIInterfaceOrientationLandscapeLeft UIInterfaceOrientationLandscapeRight";
				INFOPLIST_KEY_UISupportedInterfaceOrientations_iPhone = "UIInterfaceOrientationPortrait UIInterfaceOrientationLandscapeLeft UIInterfaceOrientationLandscapeRight";
				LD_RUNPATH_SEARCH_PATHS = (
					"$(inherited)",
					"@executable_path/Frameworks",
				);
				MARKETING_VERSION = 1.0;
				PRODUCT_BUNDLE_IDENTIFIER = wertr.com.MobilliumInternCase;
				PRODUCT_NAME = "$(TARGET_NAME)";
				SWIFT_EMIT_LOC_STRINGS = YES;
				SWIFT_VERSION = 5.0;
				TARGETED_DEVICE_FAMILY = "1,2";
			};
			name = Release;
		};
/* End XCBuildConfiguration section */

/* Begin XCConfigurationList section */
		63C7B49A2854EC01003EF2B4 /* Build configuration list for PBXProject "MobilliumInternCase" */ = {
			isa = XCConfigurationList;
			buildConfigurations = (
				63C7B4AB2854EC01003EF2B4 /* Debug */,
				63C7B4AC2854EC01003EF2B4 /* Release */,
			);
			defaultConfigurationIsVisible = 0;
			defaultConfigurationName = Release;
		};
		63C7B4AD2854EC01003EF2B4 /* Build configuration list for PBXNativeTarget "MobilliumInternCase" */ = {
			isa = XCConfigurationList;
			buildConfigurations = (
				63C7B4AE2854EC01003EF2B4 /* Debug */,
				63C7B4AF2854EC01003EF2B4 /* Release */,
			);
			defaultConfigurationIsVisible = 0;
			defaultConfigurationName = Release;
		};
/* End XCConfigurationList section */

/* Begin XCRemoteSwiftPackageReference section */
		63073D9B28550ACA0063E85A /* XCRemoteSwiftPackageReference "firebase-ios-sdk" */ = {
			isa = XCRemoteSwiftPackageReference;
			repositoryURL = "https://github.com/firebase/firebase-ios-sdk";
			requirement = {
				kind = upToNextMajorVersion;
				minimumVersion = 9.0.0;
			};
		};
		63BA6B032855C93300456425 /* XCRemoteSwiftPackageReference "PythonCourse" */ = {
			isa = XCRemoteSwiftPackageReference;
			repositoryURL = "https://github.com/omercengiz/PythonCourse";
			requirement = {
				branch = master;
				kind = branch;
			};
		};
		63C7B4B92854F920003EF2B4 /* XCRemoteSwiftPackageReference "firebase-ios-sdk" */ = {
			isa = XCRemoteSwiftPackageReference;
			repositoryURL = "https://github.com/firebase/firebase-ios-sdk.git";
			requirement = {
				kind = upToNextMajorVersion;
				minimumVersion = 9.0.0;
			};
		};
/* End XCRemoteSwiftPackageReference section */

/* Begin XCSwiftPackageProductDependency section */
		63073D9C28550ACA0063E85A /* FirebaseAuth */ = {
			isa = XCSwiftPackageProductDependency;
			package = 63073D9B28550ACA0063E85A /* XCRemoteSwiftPackageReference "firebase-ios-sdk" */;
			productName = FirebaseAuth;
		};
		63073D9E28550ACA0063E85A /* FirebaseDatabase */ = {
			isa = XCSwiftPackageProductDependency;
			package = 63073D9B28550ACA0063E85A /* XCRemoteSwiftPackageReference "firebase-ios-sdk" */;
			productName = FirebaseDatabase;
		};
		63073DA028550ACA0063E85A /* FirebaseDatabaseSwift */ = {
			isa = XCSwiftPackageProductDependency;
			package = 63073D9B28550ACA0063E85A /* XCRemoteSwiftPackageReference "firebase-ios-sdk" */;
			productName = FirebaseDatabaseSwift;
		};
		63073DA228550ACA0063E85A /* FirebaseFirestore */ = {
			isa = XCSwiftPackageProductDependency;
			package = 63073D9B28550ACA0063E85A /* XCRemoteSwiftPackageReference "firebase-ios-sdk" */;
			productName = FirebaseFirestore;
		};
		63C7B4BA2854F920003EF2B4 /* FirebaseAuth */ = {
			isa = XCSwiftPackageProductDependency;
			package = 63C7B4B92854F920003EF2B4 /* XCRemoteSwiftPackageReference "firebase-ios-sdk" */;
			productName = FirebaseAuth;
		};
		63C7B4BC2854F920003EF2B4 /* FirebaseDatabase */ = {
			isa = XCSwiftPackageProductDependency;
			package = 63C7B4B92854F920003EF2B4 /* XCRemoteSwiftPackageReference "firebase-ios-sdk" */;
			productName = FirebaseDatabase;
		};
		63C7B4BE2854F920003EF2B4 /* FirebaseFirestore */ = {
			isa = XCSwiftPackageProductDependency;
			package = 63C7B4B92854F920003EF2B4 /* XCRemoteSwiftPackageReference "firebase-ios-sdk" */;
			productName = FirebaseFirestore;
		};
		63C7B4C02854F920003EF2B4 /* FirebaseFunctions */ = {
			isa = XCSwiftPackageProductDependency;
			package = 63C7B4B92854F920003EF2B4 /* XCRemoteSwiftPackageReference "firebase-ios-sdk" */;
			productName = FirebaseFunctions;
		};
/* End XCSwiftPackageProductDependency section */
	};
	rootObject = 63C7B4972854EC01003EF2B4 /* Project object */;
}
